
Microsoft Visual Studio Solution File, Format Version 12.00
# Visual Studio Version 17
VisualStudioVersion = 17.0.32126.317
MinimumVisualStudioVersion = 10.0.40219.1
Project("{FAE04EC0-301F-11D3-BF4B-00C04F79EFBC}") = "Ayedroid.Poker", "Ayedroid.Poker.csproj", "{A06EABAF-19C8-4250-8C7B-6E3CC6651ED0}"
EndProject
Global
	GlobalSection(SolutionConfigurationPlatforms) = preSolution
		Debug|Any CPU = Debug|Any CPU
		Release|Any CPU = Release|Any CPU
	EndGlobalSection
	GlobalSection(ProjectConfigurationPlatforms) = postSolution
		{A06EABAF-19C8-4250-8C7B-6E3CC6651ED0}.Debug|Any CPU.ActiveCfg = Debug|Any CPU
		{A06EABAF-19C8-4250-8C7B-6E3CC6651ED0}.Debug|Any CPU.Build.0 = Debug|Any CPU
		{A06EABAF-19C8-4250-8C7B-6E3CC6651ED0}.Release|Any CPU.ActiveCfg = Release|Any CPU
		{A06EABAF-19C8-4250-8C7B-6E3CC6651ED0}.Release|Any CPU.Build.0 = Release|Any CPU
	EndGlobalSection
	GlobalSection(SolutionProperties) = preSolution
		HideSolutionNode = FALSE
	EndGlobalSection
	GlobalSection(ExtensibilityGlobals) = postSolution
		SolutionGuid = {4AF0677B-45CF-455F-ADA6-681AC7868A4F}
	EndGlobalSection
EndGlobal
